{
    "_meta": {
        "hash": {
            "sha256": "e1ab589e021af6876095558b4e14ff6f29ae98d32e6456cdfbd947e7a1a12fdc"
        },
        "pipfile-spec": 6,
        "requires": {
            "python_version": "3.10"
        },
        "sources": [
            {
                "name": "pypi",
                "url": "https://pypi.org/simple",
                "verify_ssl": true
            }
        ]
    },
    "default": {
        "pyhumps": {
            "hashes": [
                "sha256:060e1954d9069f428232a1adda165db0b9d8dfdce1d265d36df7fbff540acfd6",
                "sha256:498026258f7ee1a8e447c2e28526c0bea9407f9a59c03260aee4bd6c04d681a3"
            ],
            "index": "pypi",
            "version": "==3.8.0"
        },
        "pystache": {
            "hashes": [
                "sha256:93bf92b2149a4c4b58d12142e2c4c6dd5c08d89e4c95afccd4b6efe2ee1d470d"
            ],
            "index": "pypi",
            "version": "==0.6.0"
        }
    },
    "develop": {}
}
